
Microsoft Visual Studio Solution File, Format Version 12.00
# Visual Studio Version 17
VisualStudioVersion = 17.9.34902.65
MinimumVisualStudioVersion = 10.0.40219.1
Project("{9A19103F-16F7-4668-BE54-9A1E7A4F7556}") = "TesteApi", "TesteApi.csproj", "{577823CA-A404-409E-9944-BC85D7C90617}"
EndProject
Project("{FAE04EC0-301F-11D3-BF4B-00C04F79EFBC}") = "TesteConsole", "..\TesteConsole\TesteConsole.csproj", "{11305089-ECF6-46E0-85AF-40E1DE9030A8}"
EndProject
Global
	GlobalSection(SolutionConfigurationPlatforms) = preSolution
		Debug|Any CPU = Debug|Any CPU
		Release|Any CPU = Release|Any CPU
	EndGlobalSection
	GlobalSection(ProjectConfigurationPlatforms) = postSolution
		{577823CA-A404-409E-9944-BC85D7C90617}.Debug|Any CPU.ActiveCfg = Debug|Any CPU
		{577823CA-A404-409E-9944-BC85D7C90617}.Debug|Any CPU.Build.0 = Debug|Any CPU
		{577823CA-A404-409E-9944-BC85D7C90617}.Release|Any CPU.ActiveCfg = Release|Any CPU
		{577823CA-A404-409E-9944-BC85D7C90617}.Release|Any CPU.Build.0 = Release|Any CPU
		{11305089-ECF6-46E0-85AF-40E1DE9030A8}.Debug|Any CPU.ActiveCfg = Debug|Any CPU
		{11305089-ECF6-46E0-85AF-40E1DE9030A8}.Debug|Any CPU.Build.0 = Debug|Any CPU
		{11305089-ECF6-46E0-85AF-40E1DE9030A8}.Release|Any CPU.ActiveCfg = Release|Any CPU
		{11305089-ECF6-46E0-85AF-40E1DE9030A8}.Release|Any CPU.Build.0 = Release|Any CPU
	EndGlobalSection
	GlobalSection(SolutionProperties) = preSolution
		HideSolutionNode = FALSE
	EndGlobalSection
	GlobalSection(ExtensibilityGlobals) = postSolution
		SolutionGuid = {9F0651E3-7899-44CB-96AE-29D05D5735CD}
	EndGlobalSection
EndGlobal
